PODS:
  - Alamofire (4.8.1)
  - CELLULAR/Locking (4.1.0)
  - CELLULAR/Result (4.1.0)
  - CellularLocalStorage (4.2.0):
    - CellularLocalStorage/Core (= 4.2.0)
  - CellularLocalStorage/Core (4.2.0):
    - CELLULAR/Locking (~> 4.1.0)
    - CELLULAR/Result (~> 4.1.0)
  - CellularRemoteConfiguration (5.0):
    - CellularRemoteConfiguration/Core (= 5.0)
  - CellularRemoteConfiguration/Core (5.0):
    - CELLULAR/Result (~> 4.1)
    - CellularLocalStorage (~> 4.2)
  - OHHTTPStubs (5.2.3):
    - OHHTTPStubs/Default (= 5.2.3)
  - OHHTTPStubs/Core (5.2.3)
  - OHHTTPStubs/Default (5.2.3):
    - OHHTTPStubs/Core
    - OHHTTPStubs/JSON
    - OHHTTPStubs/NSURLSession
    - OHHTTPStubs/OHPathHelpers
  - OHHTTPStubs/JSON (5.2.3):
    - OHHTTPStubs/Core
  - OHHTTPStubs/NSURLSession (5.2.3):
    - OHHTTPStubs/Core
  - OHHTTPStubs/OHPathHelpers (5.2.3)
  - OHHTTPStubs/Swift (5.2.3):
    - OHHTTPStubs/Core
  - Unbox (2.4.0)

DEPENDENCIES:
  - Alamofire (~> 4.7)
  - CellularRemoteConfiguration (from `../`)
  - OHHTTPStubs (~> 5.2.3)
  - OHHTTPStubs/Swift
  - Unbox (~> 2.4.0)

SPEC REPOS:
  https://github.com/cocoapods/specs.git:
    - Alamofire
    - CELLULAR
    - CellularLocalStorage
    - OHHTTPStubs
    - Unbox

EXTERNAL SOURCES:
  CellularRemoteConfiguration:
    :path: "../"

SPEC CHECKSUMS:
  Alamofire: 16ce2c353fb72865124ddae8a57c5942388f4f11
  CELLULAR: 6af608774a6d7fed3a77b998aac37e5c6750beec
  CellularLocalStorage: a602d529be743e482d7eba48b8ed4f9d9d94ae3d
  CellularRemoteConfiguration: 673f504c275f699c99c4b829559aea356190cc68
  OHHTTPStubs: e238cd5b66d8efa51c861db45895de8fe079f4a7
  Unbox: c8b2ab69d3337597b4a3f47a0538807dc12db670

PODFILE CHECKSUM: 1a3a8cf585b779a5f9a524bb591292dd2b469a26

COCOAPODS: 1.5.3
