{
  "object": {
    "pins": [
      {
        "package": "Alamofire",
        "repositoryURL": "https://github.com/Alamofire/Alamofire.git",
        "state": {
          "branch": null,
          "revision": "75bba56748359f297a83f620d45f72cf4ebee4e7",
          "version": "4.8.2"
        }
      },
      {
        "package": "CELLULAR",
        "repositoryURL": "https://github.com/cellular/cellular-swift.git",
        "state": {
          "branch": null,
          "revision": "2e1108028fb08424a870ad5406c4757e35810330",
          "version": "6.0.1"
        }
      },
      {
        "package": "LocalStorage",
        "repositoryURL": "https://github.com/cellular/localstorage-swift.git",
        "state": {
          "branch": null,
          "revision": "a3a3d7acbf8158e2c6463d280b749ae749ae8359",
          "version": "6.0.0"
        }
      },
      {
        "package": "Networking",
        "repositoryURL": "https://github.com/cellular/networking-swift.git",
        "state": {
          "branch": null,
          "revision": "a82aebb3281bce812cab2f66bab036b75f1bb1a8",
          "version": "6.0.0"
        }
      }
    ]
  },
  "version": 1
}
