{
  "object": {
    "pins": [
      {
        "package": "Alamofire",
        "repositoryURL": "https://github.com/Alamofire/Alamofire.git",
        "state": {
          "branch": null,
          "revision": "75bba56748359f297a83f620d45f72cf4ebee4e7",
          "version": "4.8.2"
        }
      },
      {
        "package": "CELLULAR",
        "repositoryURL": "https://github.com/cellular/cellular-swift.git",
        "state": {
          "branch": "feature/xcode_11.4",
          "revision": "78eebd953b4f4665cdae9b4e8a940d2fdc99d22c",
          "version": null
        }
      },
      {
        "package": "LocalStorage",
        "repositoryURL": "https://github.com/cellular/localstorage-swift.git",
        "state": {
          "branch": "feature/xcode_11.4",
          "revision": "e2021714ebefe6ea89b86f758b8d13b3a7dbcd59",
          "version": null
        }
      },
      {
        "package": "Networking",
        "repositoryURL": "https://github.com/cellular/networking-swift.git",
        "state": {
          "branch": "feature/xcode_11.4",
          "revision": "7f60baaf1f424d44609aa4aae8492ccc840a7277",
          "version": null
        }
      }
    ]
  },
  "version": 1
}
