PODS:
  - CELLULAR/Locking (5.1)
  - CellularLocalStorage (5.0.1):
    - CellularLocalStorage/Core (= 5.0.1)
  - CellularLocalStorage/Core (5.0.1):
    - CELLULAR/Locking (~> 5.0)
  - CellularNetworking/Core (5.1):
    - CELLULAR/Locking (~> 5.1)
  - SwiftLint (0.33.1)

DEPENDENCIES:
  - "CellularLocalStorage (from `git@github.com:cellular/localstorage-swift.git`, branch `master`)"
  - "CellularNetworking/Core (from `git@github.com:markuswntr/networking-swift.git`, branch `master`)"
  - SwiftLint

SPEC REPOS:
  https://github.com/cocoapods/specs.git:
    - CELLULAR
    - SwiftLint

EXTERNAL SOURCES:
  CellularLocalStorage:
    :branch: master
    :git: "git@github.com:cellular/localstorage-swift.git"
  CellularNetworking:
    :branch: master
    :git: "git@github.com:markuswntr/networking-swift.git"

CHECKOUT OPTIONS:
  CellularLocalStorage:
    :commit: 826e4b59f3937775e3af689d9b8f0fe22ea44bbb
    :git: "git@github.com:cellular/localstorage-swift.git"
  CellularNetworking:
    :commit: a941d6ff531b022ddb6591f0b02881fa266c91d8
    :git: "git@github.com:markuswntr/networking-swift.git"

SPEC CHECKSUMS:
  CELLULAR: 5627305dc6b3df9d7d966f245b5db5cd6ec1ecb8
  CellularLocalStorage: a9d81272e5cd8138f22a136e76b4effe55000969
  CellularNetworking: 76992a91b45378d44ded34a8b9e3e39cd38c7c6d
  SwiftLint: 9fc1143bbacec37f94994a7d0d2a85b2154b6294

PODFILE CHECKSUM: 526a7b3e3f69d1dba9ecd593f7656fce13c447e5

COCOAPODS: 1.7.4
