PODS:
  - Alamofire (4.8.1)
  - CELLULAR/Locking (4.1.0)
  - CELLULAR/Result (4.1.0)
  - CellularLocalStorage (4.2.0):
    - CellularLocalStorage/Core (= 4.2.0)
  - CellularLocalStorage/Core (4.2.0):
    - CELLULAR/Locking (~> 4.1.0)
    - CELLULAR/Result (~> 4.1.0)
  - CellularNetworking (5.0.1):
    - CellularNetworking/Alamofire (= 5.0.1)
    - CellularNetworking/Codable (= 5.0.1)
  - CellularNetworking/Alamofire (5.0.1):
    - Alamofire (~> 4.7)
    - CellularNetworking/Core
  - CellularNetworking/Codable (5.0.1):
    - CellularNetworking/Core
  - CellularNetworking/Core (5.0.1):
    - CELLULAR/Locking (~> 4.1.0)
    - CELLULAR/Result (~> 4.1.0)
  - SwiftLint (0.30.1)

DEPENDENCIES:
  - CELLULAR/Result (~> 4.1)
  - CellularLocalStorage (~> 4.2)
  - CellularNetworking (~> 5.0)
  - SwiftLint

SPEC REPOS:
  https://github.com/cocoapods/specs.git:
    - Alamofire
    - CELLULAR
    - CellularLocalStorage
    - CellularNetworking
    - SwiftLint

SPEC CHECKSUMS:
  Alamofire: 16ce2c353fb72865124ddae8a57c5942388f4f11
  CELLULAR: 6af608774a6d7fed3a77b998aac37e5c6750beec
  CellularLocalStorage: a602d529be743e482d7eba48b8ed4f9d9d94ae3d
  CellularNetworking: d29a8ecd53c8ab9c6a835e06a10b6fb1ca9d6532
  SwiftLint: a54bf1fe12b55c68560eb2a7689dfc81458508f7

PODFILE CHECKSUM: 62edf68dfe143fc17ecec9c87625264bf5c7dc60

COCOAPODS: 1.7.2
